
Microsoft Visual Studio Solution File, Format Version 12.00
# Visual Studio Version 17
VisualStudioVersion = 17.11.35327.3
MinimumVisualStudioVersion = 10.0.40219.1
Project("{FAE04EC0-301F-11D3-BF4B-00C04F79EFBC}") = "SurvayBasket", "SurvayBasket\SurvayBasket.csproj", "{DA409EF6-4314-42D8-AF1D-29E93DA454E4}"
EndProject
Global
	GlobalSection(SolutionConfigurationPlatforms) = preSolution
		Debug|Any CPU = Debug|Any CPU
		Release|Any CPU = Release|Any CPU
	EndGlobalSection
	GlobalSection(ProjectConfigurationPlatforms) = postSolution
		{DA409EF6-4314-42D8-AF1D-29E93DA454E4}.Debug|Any CPU.ActiveCfg = Debug|Any CPU
		{DA409EF6-4314-42D8-AF1D-29E93DA454E4}.Debug|Any CPU.Build.0 = Debug|Any CPU
		{DA409EF6-4314-42D8-AF1D-29E93DA454E4}.Release|Any CPU.ActiveCfg = Release|Any CPU
		{DA409EF6-4314-42D8-AF1D-29E93DA454E4}.Release|Any CPU.Build.0 = Release|Any CPU
	EndGlobalSection
	GlobalSection(SolutionProperties) = preSolution
		HideSolutionNode = FALSE
	EndGlobalSection
	GlobalSection(ExtensibilityGlobals) = postSolution
		SolutionGuid = {E9CEED5E-7000-4FE1-B9D6-895D2182DAB7}
	EndGlobalSection
EndGlobal
